// !$*UTF8*$!
{
	archiveVersion = 1;
	classes = {
	};
	objectVersion = 56;
	objects = {

/* Begin PBXBuildFile section */
		D91FCDDE2A5D7FA600266C24 /* AppDelegate.swift in Sources */ = {isa = PBXBuildFile; fileRef = D91FCDDD2A5D7FA600266C24 /* AppDelegate.swift */; };
		D91FCDE02A5D7FA600266C24 /* SceneDelegate.swift in Sources */ = {isa = PBXBuildFile; fileRef = D91FCDDF2A5D7FA600266C24 /* SceneDelegate.swift */; };
		D91FCDE22A5D7FA600266C24 /* ViewController.swift in Sources */ = {isa = PBXBuildFile; fileRef = D91FCDE12A5D7FA600266C24 /* ViewController.swift */; };
		D91FCDE52A5D7FA600266C24 /* Main.storyboard in Resources */ = {isa = PBXBuildFile; fileRef = D91FCDE32A5D7FA600266C24 /* Main.storyboard */; };
		D91FCDE72A5D7FAA00266C24 /* Assets.xcassets in Resources */ = {isa = PBXBuildFile; fileRef = D91FCDE62A5D7FAA00266C24 /* Assets.xcassets */; };
		D91FCDEA2A5D7FAA00266C24 /* LaunchScreen.storyboard in Resources */ = {isa = PBXBuildFile; fileRef = D91FCDE82A5D7FAA00266C24 /* LaunchScreen.storyboard */; };
		D9607DF12A5E7C8400912205 /* positionViewController.swift in Sources */ = {isa = PBXBuildFile; fileRef = D9607DF02A5E7C8400912205 /* positionViewController.swift */; };
		D9607DF32A5E7CA600912205 /* colorsViewController.swift in Sources */ = {isa = PBXBuildFile; fileRef = D9607DF22A5E7CA600912205 /* colorsViewController.swift */; };
		D9607DF52A5E7CB600912205 /* opacityViewController.swift in Sources */ = {isa = PBXBuildFile; fileRef = D9607DF42A5E7CB600912205 /* opacityViewController.swift */; };
		D9607DF72A5E7CF900912205 /* scaleViewViewController.swift in Sources */ = {isa = PBXBuildFile; fileRef = D9607DF62A5E7CF900912205 /* scaleViewViewController.swift */; };
		D9607DF92A5E7D0D00912205 /* rotationViewController.swift in Sources */ = {isa = PBXBuildFile; fileRef = D9607DF82A5E7D0D00912205 /* rotationViewController.swift */; };
/* End PBXBuildFile section */

/* Begin PBXFileReference section */
		D91FCDDA2A5D7FA600266C24 /* animationsBasics.app */ = {isa = PBXFileReference; explicitFileType = wrapper.application; includeInIndex = 0; path = animationsBasics.app; sourceTree = BUILT_PRODUCTS_DIR; };
		D91FCDDD2A5D7FA600266C24 /* AppDelegate.swift */ = {isa = PBXFileReference; lastKnownFileType = sourcecode.swift; path = AppDelegate.swift; sourceTree = "<group>"; };
		D91FCDDF2A5D7FA600266C24 /* SceneDelegate.swift */ = {isa = PBXFileReference; lastKnownFileType = sourcecode.swift; path = SceneDelegate.swift; sourceTree = "<group>"; };
		D91FCDE12A5D7FA600266C24 /* ViewController.swift */ = {isa = PBXFileReference; lastKnownFileType = sourcecode.swift; path = ViewController.swift; sourceTree = "<group>"; };
		D91FCDE42A5D7FA600266C24 /* Base */ = {isa = PBXFileReference; lastKnownFileType = file.storyboard; name = Base; path = Base.lproj/Main.storyboard; sourceTree = "<group>"; };
		D91FCDE62A5D7FAA00266C24 /* Assets.xcassets */ = {isa = PBXFileReference; lastKnownFileType = folder.assetcatalog; path = Assets.xcassets; sourceTree = "<group>"; };
		D91FCDE92A5D7FAA00266C24 /* Base */ = {isa = PBXFileReference; lastKnownFileType = file.storyboard; name = Base; path = Base.lproj/LaunchScreen.storyboard; sourceTree = "<group>"; };
		D91FCDEB2A5D7FAA00266C24 /* Info.plist */ = {isa = PBXFileReference; lastKnownFileType = text.plist.xml; path = Info.plist; sourceTree = "<group>"; };
		D9607DF02A5E7C8400912205 /* positionViewController.swift */ = {isa = PBXFileReference; lastKnownFileType = sourcecode.swift; path = positionViewController.swift; sourceTree = "<group>"; };
		D9607DF22A5E7CA600912205 /* colorsViewController.swift */ = {isa = PBXFileReference; lastKnownFileType = sourcecode.swift; path = colorsViewController.swift; sourceTree = "<group>"; };
		D9607DF42A5E7CB600912205 /* opacityViewController.swift */ = {isa = PBXFileReference; lastKnownFileType = sourcecode.swift; path = opacityViewController.swift; sourceTree = "<group>"; };
		D9607DF62A5E7CF900912205 /* scaleViewViewController.swift */ = {isa = PBXFileReference; lastKnownFileType = sourcecode.swift; path = scaleViewViewController.swift; sourceTree = "<group>"; };
		D9607DF82A5E7D0D00912205 /* rotationViewController.swift */ = {isa = PBXFileReference; lastKnownFileType = sourcecode.swift; path = rotationViewController.swift; sourceTree = "<group>"; };
/* End PBXFileReference section */

/* Begin PBXFrameworksBuildPhase section */
		D91FCDD72A5D7FA600266C24 /* Frameworks */ = {
			isa = PBXFrameworksBuildPhase;
			buildActionMask = 2147483647;
			files = (
			);
			runOnlyForDeploymentPostprocessing = 0;
		};
/* End PBXFrameworksBuildPhase section */

/* Begin PBXGroup section */
		D91FCDD12A5D7FA600266C24 = {
			isa = PBXGroup;
			children = (
				D91FCDDC2A5D7FA600266C24 /* animationsBasics */,
				D91FCDDB2A5D7FA600266C24 /* Products */,
			);
			sourceTree = "<group>";
		};
		D91FCDDB2A5D7FA600266C24 /* Products */ = {
			isa = PBXGroup;
			children = (
				D91FCDDA2A5D7FA600266C24 /* animationsBasics.app */,
			);
			name = Products;
			sourceTree = "<group>";
		};
		D91FCDDC2A5D7FA600266C24 /* animationsBasics */ = {
			isa = PBXGroup;
			children = (
				D91FCDDD2A5D7FA600266C24 /* AppDelegate.swift */,
				D91FCDDF2A5D7FA600266C24 /* SceneDelegate.swift */,
				D91FCDE12A5D7FA600266C24 /* ViewController.swift */,
				D9607DF42A5E7CB600912205 /* opacityViewController.swift */,
				D9607DF62A5E7CF900912205 /* scaleViewViewController.swift */,
				D9607DF22A5E7CA600912205 /* colorsViewController.swift */,
				D9607DF02A5E7C8400912205 /* positionViewController.swift */,
				D9607DF82A5E7D0D00912205 /* rotationViewController.swift */,
				D91FCDE32A5D7FA600266C24 /* Main.storyboard */,
				D91FCDE62A5D7FAA00266C24 /* Assets.xcassets */,
				D91FCDE82A5D7FAA00266C24 /* LaunchScreen.storyboard */,
				D91FCDEB2A5D7FAA00266C24 /* Info.plist */,
			);
			path = animationsBasics;
			sourceTree = "<group>";
		};
/* End PBXGroup section */

/* Begin PBXNativeTarget section */
		D91FCDD92A5D7FA600266C24 /* animationsBasics */ = {
			isa = PBXNativeTarget;
			buildConfigurationList = D91FCDEE2A5D7FAA00266C24 /* Build configuration list for PBXNativeTarget "animationsBasics" */;
			buildPhases = (
				D91FCDD62A5D7FA600266C24 /* Sources */,
				D91FCDD72A5D7FA600266C24 /* Frameworks */,
				D91FCDD82A5D7FA600266C24 /* Resources */,
			);
			buildRules = (
			);
			dependencies = (
			);
			name = animationsBasics;
			productName = animationsBasics;
			productReference = D91FCDDA2A5D7FA600266C24 /* animationsBasics.app */;
			productType = "com.apple.product-type.application";
		};
/* End PBXNativeTarget section */

/* Begin PBXProject section */
		D91FCDD22A5D7FA600266C24 /* Project object */ = {
			isa = PBXProject;
			attributes = {
				BuildIndependentTargetsInParallel = 1;
				LastSwiftUpdateCheck = 1420;
				LastUpgradeCheck = 1420;
				TargetAttributes = {
					D91FCDD92A5D7FA600266C24 = {
						CreatedOnToolsVersion = 14.2;
					};
				};
			};
			buildConfigurationList = D91FCDD52A5D7FA600266C24 /* Build configuration list for PBXProject "animationsBasics" */;
			compatibilityVersion = "Xcode 14.0";
			developmentRegion = en;
			hasScannedForEncodings = 0;
			knownRegions = (
				en,
				Base,
			);
			mainGroup = D91FCDD12A5D7FA600266C24;
			productRefGroup = D91FCDDB2A5D7FA600266C24 /* Products */;
			projectDirPath = "";
			projectRoot = "";
			targets = (
				D91FCDD92A5D7FA600266C24 /* animationsBasics */,
			);
		};
/* End PBXProject section */

/* Begin PBXResourcesBuildPhase section */
		D91FCDD82A5D7FA600266C24 /* Resources */ = {
			isa = PBXResourcesBuildPhase;
			buildActionMask = 2147483647;
			files = (
				D91FCDEA2A5D7FAA00266C24 /* LaunchScreen.storyboard in Resources */,
				D91FCDE72A5D7FAA00266C24 /* Assets.xcassets in Resources */,
				D91FCDE52A5D7FA600266C24 /* Main.storyboard in Resources */,
			);
			runOnlyForDeploymentPostprocessing = 0;
		};
/* End PBXResourcesBuildPhase section */

/* Begin PBXSourcesBuildPhase section */
		D91FCDD62A5D7FA600266C24 /* Sources */ = {
			isa = PBXSourcesBuildPhase;
			buildActionMask = 2147483647;
			files = (
				D9607DF52A5E7CB600912205 /* opacityViewController.swift in Sources */,
				D91FCDE22A5D7FA600266C24 /* ViewController.swift in Sources */,
				D9607DF32A5E7CA600912205 /* colorsViewController.swift in Sources */,
				D91FCDDE2A5D7FA600266C24 /* AppDelegate.swift in Sources */,
				D91FCDE02A5D7FA600266C24 /* SceneDelegate.swift in Sources */,
				D9607DF72A5E7CF900912205 /* scaleViewViewController.swift in Sources */,
				D9607DF92A5E7D0D00912205 /* rotationViewController.swift in Sources */,
				D9607DF12A5E7C8400912205 /* positionViewController.swift in Sources */,
			);
			runOnlyForDeploymentPostprocessing = 0;
		};
/* End PBXSourcesBuildPhase section */

/* Begin PBXVariantGroup section */
		D91FCDE32A5D7FA600266C24 /* Main.storyboard */ = {
			isa = PBXVariantGroup;
			children = (
				D91FCDE42A5D7FA600266C24 /* Base */,
			);
			name = Main.storyboard;
			sourceTree = "<group>";
		};
		D91FCDE82A5D7FAA00266C24 /* LaunchScreen.storyboard */ = {
			isa = PBXVariantGroup;
			children = (
				D91FCDE92A5D7FAA00266C24 /* Base */,
			);
			name = LaunchScreen.storyboard;
			sourceTree = "<group>";
		};
/* End PBXVariantGroup section */

/* Begin XCBuildConfiguration section */
		D91FCDEC2A5D7FAA00266C24 /* Debug */ = {
			isa = XCBuildConfiguration;
			buildSettings = {
				ALWAYS_SEARCH_USER_PATHS = NO;
				CLANG_ANALYZER_NONNULL = YES;
				CLANG_ANALYZER_NUMBER_OBJECT_CONVERSION = YES_AGGRESSIVE;
				CLANG_CXX_LANGUAGE_STANDARD = "gnu++20";
				CLANG_ENABLE_MODULES = YES;
				CLANG_ENABLE_OBJC_ARC = YES;
				CLANG_ENABLE_OBJC_WEAK = YES;
				CLANG_WARN_BLOCK_CAPTURE_AUTORELEASING = YES;
				CLANG_WARN_BOOL_CONVERSION = YES;
				CLANG_WARN_COMMA = YES;
				CLANG_WARN_CONSTANT_CONVERSION = YES;
				CLANG_WARN_DEPRECATED_OBJC_IMPLEMENTATIONS = YES;
				CLANG_WARN_DIRECT_OBJC_ISA_USAGE = YES_ERROR;
				CLANG_WARN_DOCUMENTATION_COMMENTS = YES;
				CLANG_WARN_EMPTY_BODY = YES;
				CLANG_WARN_ENUM_CONVERSION = YES;
				CLANG_WARN_INFINITE_RECURSION = YES;
				CLANG_WARN_INT_CONVERSION = YES;
				CLANG_WARN_NON_LITERAL_NULL_CONVERSION = YES;
				CLANG_WARN_OBJC_IMPLICIT_RETAIN_SELF = YES;
				CLANG_WARN_OBJC_LITERAL_CONVERSION = YES;
				CLANG_WARN_OBJC_ROOT_CLASS = YES_ERROR;
				CLANG_WARN_QUOTED_INCLUDE_IN_FRAMEWORK_HEADER = YES;
				CLANG_WARN_RANGE_LOOP_ANALYSIS = YES;
				CLANG_WARN_STRICT_PROTOTYPES = YES;
				CLANG_WARN_SUSPICIOUS_MOVE = YES;
				CLANG_WARN_UNGUARDED_AVAILABILITY = YES_AGGRESSIVE;
				CLANG_WARN_UNREACHABLE_CODE = YES;
				CLANG_WARN__DUPLICATE_METHOD_MATCH = YES;
				COPY_PHASE_STRIP = NO;
				DEBUG_INFORMATION_FORMAT = dwarf;
				ENABLE_STRICT_OBJC_MSGSEND = YES;
				ENABLE_TESTABILITY = YES;
				GCC_C_LANGUAGE_STANDARD = gnu11;
				GCC_DYNAMIC_NO_PIC = NO;
				GCC_NO_COMMON_BLOCKS = YES;
				GCC_OPTIMIZATION_LEVEL = 0;
				GCC_PREPROCESSOR_DEFINITIONS = (
					"DEBUG=1",
					"$(inherited)",
				);
				GCC_WARN_64_TO_32_BIT_CONVERSION = YES;
				GCC_WARN_ABOUT_RETURN_TYPE = YES_ERROR;
				GCC_WARN_UNDECLARED_SELECTOR = YES;
				GCC_WARN_UNINITIALIZED_AUTOS = YES_AGGRESSIVE;
				GCC_WARN_UNUSED_FUNCTION = YES;
				GCC_WARN_UNUSED_VARIABLE = YES;
				IPHONEOS_DEPLOYMENT_TARGET = 16.2;
				MTL_ENABLE_DEBUG_INFO = INCLUDE_SOURCE;
				MTL_FAST_MATH = YES;
				ONLY_ACTIVE_ARCH = YES;
				SDKROOT = iphoneos;
				SWIFT_ACTIVE_COMPILATION_CONDITIONS = DEBUG;
				SWIFT_OPTIMIZATION_LEVEL = "-Onone";
			};
			name = Debug;
		};
		D91FCDED2A5D7FAA00266C24 /* Release */ = {
			isa = XCBuildConfiguration;
			buildSettings = {
				ALWAYS_SEARCH_USER_PATHS = NO;
				CLANG_ANALYZER_NONNULL = YES;
				CLANG_ANALYZER_NUMBER_OBJECT_CONVERSION = YES_AGGRESSIVE;
				CLANG_CXX_LANGUAGE_STANDARD = "gnu++20";
				CLANG_ENABLE_MODULES = YES;
				CLANG_ENABLE_OBJC_ARC = YES;
				CLANG_ENABLE_OBJC_WEAK = YES;
				CLANG_WARN_BLOCK_CAPTURE_AUTORELEASING = YES;
				CLANG_WARN_BOOL_CONVERSION = YES;
				CLANG_WARN_COMMA = YES;
				CLANG_WARN_CONSTANT_CONVERSION = YES;
				CLANG_WARN_DEPRECATED_OBJC_IMPLEMENTATIONS = YES;
				CLANG_WARN_DIRECT_OBJC_ISA_USAGE = YES_ERROR;
				CLANG_WARN_DOCUMENTATION_COMMENTS = YES;
				CLANG_WARN_EMPTY_BODY = YES;
				CLANG_WARN_ENUM_CONVERSION = YES;
				CLANG_WARN_INFINITE_RECURSION = YES;
				CLANG_WARN_INT_CONVERSION = YES;
				CLANG_WARN_NON_LITERAL_NULL_CONVERSION = YES;
				CLANG_WARN_OBJC_IMPLICIT_RETAIN_SELF = YES;
				CLANG_WARN_OBJC_LITERAL_CONVERSION = YES;
				CLANG_WARN_OBJC_ROOT_CLASS = YES_ERROR;
				CLANG_WARN_QUOTED_INCLUDE_IN_FRAMEWORK_HEADER = YES;
				CLANG_WARN_RANGE_LOOP_ANALYSIS = YES;
				CLANG_WARN_STRICT_PROTOTYPES = YES;
				CLANG_WARN_SUSPICIOUS_MOVE = YES;
				CLANG_WARN_UNGUARDED_AVAILABILITY = YES_AGGRESSIVE;
				CLANG_WARN_UNREACHABLE_CODE = YES;
				CLANG_WARN__DUPLICATE_METHOD_MATCH = YES;
				COPY_PHASE_STRIP = NO;
				DEBUG_INFORMATION_FORMAT = "dwarf-with-dsym";
				ENABLE_NS_ASSERTIONS = NO;
				ENABLE_STRICT_OBJC_MSGSEND = YES;
				GCC_C_LANGUAGE_STANDARD = gnu11;
				GCC_NO_COMMON_BLOCKS = YES;
				GCC_WARN_64_TO_32_BIT_CONVERSION = YES;
				GCC_WARN_ABOUT_RETURN_TYPE = YES_ERROR;
				GCC_WARN_UNDECLARED_SELECTOR = YES;
				GCC_WARN_UNINITIALIZED_AUTOS = YES_AGGRESSIVE;
				GCC_WARN_UNUSED_FUNCTION = YES;
				GCC_WARN_UNUSED_VARIABLE = YES;
				IPHONEOS_DEPLOYMENT_TARGET = 16.2;
				MTL_ENABLE_DEBUG_INFO = NO;
				MTL_FAST_MATH = YES;
				SDKROOT = iphoneos;
				SWIFT_COMPILATION_MODE = wholemodule;
				SWIFT_OPTIMIZATION_LEVEL = "-O";
				VALIDATE_PRODUCT = YES;
			};
			name = Release;
		};
		D91FCDEF2A5D7FAA00266C24 /* Debug */ = {
			isa = XCBuildConfiguration;
			buildSettings = {
				ASSETCATALOG_COMPILER_APPICON_NAME = AppIcon;
				ASSETCATALOG_COMPILER_GLOBAL_ACCENT_COLOR_NAME = AccentColor;
				CODE_SIGN_STYLE = Automatic;
				CURRENT_PROJECT_VERSION = 1;
				GENERATE_INFOPLIST_FILE = YES;
				INFOPLIST_FILE = animationsBasics/Info.plist;
				INFOPLIST_KEY_UIApplicationSupportsIndirectInputEvents = YES;
				INFOPLIST_KEY_UILaunchStoryboardName = LaunchScreen;
				INFOPLIST_KEY_UIMainStoryboardFile = Main;
				INFOPLIST_KEY_UISupportedInterfaceOrientations_iPad = "UIInterfaceOrientationPortrait UIInterfaceOrientationPortraitUpsideDown UIInterfaceOrientationLandscapeLeft UIInterfaceOrientationLandscapeRight";
				INFOPLIST_KEY_UISupportedInterfaceOrientations_iPhone = "UIInterfaceOrientationPortrait UIInterfaceOrientationLandscapeLeft UIInterfaceOrientationLandscapeRight";
				LD_RUNPATH_SEARCH_PATHS = (
					"$(inherited)",
					"@executable_path/Frameworks",
				);
				MARKETING_VERSION = 1.0;
				PRODUCT_BUNDLE_IDENTIFIER = imc.animationsBasics;
				PRODUCT_NAME = "$(TARGET_NAME)";
				SWIFT_EMIT_LOC_STRINGS = YES;
				SWIFT_VERSION = 5.0;
				TARGETED_DEVICE_FAMILY = "1,2";
			};
			name = Debug;
		};
		D91FCDF02A5D7FAA00266C24 /* Release */ = {
			isa = XCBuildConfiguration;
			buildSettings = {
				ASSETCATALOG_COMPILER_APPICON_NAME = AppIcon;
				ASSETCATALOG_COMPILER_GLOBAL_ACCENT_COLOR_NAME = AccentColor;
				CODE_SIGN_STYLE = Automatic;
				CURRENT_PROJECT_VERSION = 1;
				GENERATE_INFOPLIST_FILE = YES;
				INFOPLIST_FILE = animationsBasics/Info.plist;
				INFOPLIST_KEY_UIApplicationSupportsIndirectInputEvents = YES;
				INFOPLIST_KEY_UILaunchStoryboardName = LaunchScreen;
				INFOPLIST_KEY_UIMainStoryboardFile = Main;
				INFOPLIST_KEY_UISupportedInterfaceOrientations_iPad = "UIInterfaceOrientationPortrait UIInterfaceOrientationPortraitUpsideDown UIInterfaceOrientationLandscapeLeft UIInterfaceOrientationLandscapeRight";
				INFOPLIST_KEY_UISupportedInterfaceOrientations_iPhone = "UIInterfaceOrientationPortrait UIInterfaceOrientationLandscapeLeft UIInterfaceOrientationLandscapeRight";
				LD_RUNPATH_SEARCH_PATHS = (
					"$(inherited)",
					"@executable_path/Frameworks",
				);
				MARKETING_VERSION = 1.0;
				PRODUCT_BUNDLE_IDENTIFIER = imc.animationsBasics;
				PRODUCT_NAME = "$(TARGET_NAME)";
				SWIFT_EMIT_LOC_STRINGS = YES;
				SWIFT_VERSION = 5.0;
				TARGETED_DEVICE_FAMILY = "1,2";
			};
			name = Release;
		};
/* End XCBuildConfiguration section */

/* Begin XCConfigurationList section */
		D91FCDD52A5D7FA600266C24 /* Build configuration list for PBXProject "animationsBasics" */ = {
			isa = XCConfigurationList;
			buildConfigurations = (
				D91FCDEC2A5D7FAA00266C24 /* Debug */,
				D91FCDED2A5D7FAA00266C24 /* Release */,
			);
			defaultConfigurationIsVisible = 0;
			defaultConfigurationName = Release;
		};
		D91FCDEE2A5D7FAA00266C24 /* Build configuration list for PBXNativeTarget "animationsBasics" */ = {
			isa = XCConfigurationList;
			buildConfigurations = (
				D91FCDEF2A5D7FAA00266C24 /* Debug */,
				D91FCDF02A5D7FAA00266C24 /* Release */,
			);
			defaultConfigurationIsVisible = 0;
			defaultConfigurationName = Release;
		};
/* End XCConfigurationList section */
	};
	rootObject = D91FCDD22A5D7FA600266C24 /* Project object */;
}
